
Microsoft Visual Studio Solution File, Format Version 12.00
# Visual Studio Version 17
VisualStudioVersion = 17.7.34031.279
MinimumVisualStudioVersion = 10.0.40219.1
Project("{2150E333-8FDC-42A3-9474-1A3956D46DE8}") = "Task0", "Task0", "{03D049A3-7AF9-41D9-A065-5DFBC9ACEDA6}"
EndProject
Project("{FAE04EC0-301F-11D3-BF4B-00C04F79EFBC}") = "Tyuiu.KrutikovaVP.Sprint4.Task0.V6", "Tyuiu.KrutikovaVP.Sprint4.Task0.V6\Tyuiu.KrutikovaVP.Sprint4.Task0.V6.csproj", "{8C0C6B61-A871-49AF-BAAF-1C122661DF33}"
EndProject
Project("{FAE04EC0-301F-11D3-BF4B-00C04F79EFBC}") = "Tyuiu.KrutikovaVP.Sprint4.Task0.V6.Lib", "Tyuiu.KrutikovaVP.Sprint4.Task0.V6.Lib\Tyuiu.KrutikovaVP.Sprint4.Task0.V6.Lib.csproj", "{3674C50C-83E6-4C02-8346-CAB41EC8442A}"
EndProject
Project("{FAE04EC0-301F-11D3-BF4B-00C04F79EFBC}") = "Tyuiu.KrutikovaVP.Sprint4.Task0.V6.Test", "Tyuiu.KrutikovaVP.Sprint4.Task0.V6.Test\Tyuiu.KrutikovaVP.Sprint4.Task0.V6.Test.csproj", "{A1FBCD49-FAEA-4933-9AB1-86497DDA87AA}"
EndProject
Project("{2150E333-8FDC-42A3-9474-1A3956D46DE8}") = "Task1", "Task1", "{50931240-ED52-4BAC-9B06-339236F4AD98}"
EndProject
Project("{FAE04EC0-301F-11D3-BF4B-00C04F79EFBC}") = "Tyuiu.KrutikovaVP.Sprint4.Task1.V2", "Tyuiu.KrutikovaVP.Sprint4.Task1.V2\Tyuiu.KrutikovaVP.Sprint4.Task1.V2.csproj", "{1E80D747-8F08-4402-BB83-6A601EFF173B}"
EndProject
Project("{FAE04EC0-301F-11D3-BF4B-00C04F79EFBC}") = "Tyuiu.KrutikovaVP.Sprint4.Task1.V2.Lib", "Tyuiu.KrutikovaVP.Sprint4.Task1.V2.Lib\Tyuiu.KrutikovaVP.Sprint4.Task1.V2.Lib.csproj", "{42F683A4-1C5F-4440-9C18-361DC28B2A09}"
EndProject
Project("{FAE04EC0-301F-11D3-BF4B-00C04F79EFBC}") = "Tyuiu.KrutikovaVP.Sprint4.Task1.V2.Test", "Tyuiu.KrutikovaVP.Sprint4.Task1.V2.Test\Tyuiu.KrutikovaVP.Sprint4.Task1.V2.Test.csproj", "{773AD7AC-F5EC-4C78-986D-88DD86D743A8}"
EndProject
Project("{2150E333-8FDC-42A3-9474-1A3956D46DE8}") = "Task2", "Task2", "{F2460037-8908-4794-A5E2-85112136D58B}"
EndProject
Project("{FAE04EC0-301F-11D3-BF4B-00C04F79EFBC}") = "Tyuiu.KrutikovaVP.Sprint4.Task2.V25", "Tyuiu.KrutikovaVP.Sprint4.Task2.V25\Tyuiu.KrutikovaVP.Sprint4.Task2.V25.csproj", "{A57D46F2-9144-4C97-84BE-AB639744106D}"
EndProject
Project("{FAE04EC0-301F-11D3-BF4B-00C04F79EFBC}") = "Tyuiu.KrutikovaVP.Sprint4.Task2.V25.Lib", "Tyuiu.KrutikovaVP.Sprint4.Task2.V25.Lib\Tyuiu.KrutikovaVP.Sprint4.Task2.V25.Lib.csproj", "{6227D345-B34F-48C6-8454-203E33F2B254}"
EndProject
Project("{FAE04EC0-301F-11D3-BF4B-00C04F79EFBC}") = "Tyuiu.KrutikovaVP.Sprint4.Task2.V25.Test", "Tyuiu.KrutikovaVP.Sprint4.Task2.V25.Test\Tyuiu.KrutikovaVP.Sprint4.Task2.V25.Test.csproj", "{C36B133F-311A-4AB1-8BBB-BA9F2635D3D3}"
EndProject
Project("{2150E333-8FDC-42A3-9474-1A3956D46DE8}") = "Task3", "Task3", "{73A1FBDB-F712-4802-B865-07D1D409B4A6}"
EndProject
Project("{FAE04EC0-301F-11D3-BF4B-00C04F79EFBC}") = "Tyuiu.KrutikovaVP.Sprint4.Task3.V29", "Tyuiu.KrutikovaVP.Sprint4.Task3.V29\Tyuiu.KrutikovaVP.Sprint4.Task3.V29.csproj", "{D2E61EDD-5F06-41FF-9C53-C0FA573D79AF}"
EndProject
Project("{FAE04EC0-301F-11D3-BF4B-00C04F79EFBC}") = "Tyuiu.KrutikovaVP.Sprint4.Task3.V29.Lib", "Tyuiu.KrutikovaVP.Sprint4.Task3.V29.Lib\Tyuiu.KrutikovaVP.Sprint4.Task3.V29.Lib.csproj", "{97E6884A-56E7-4A45-B47C-583B85F3C5F7}"
EndProject
Project("{FAE04EC0-301F-11D3-BF4B-00C04F79EFBC}") = "Tyuiu.KrutikovaVP.Sprint4.Task3.V29.Test", "Tyuiu.KrutikovaVP.Sprint4.Task3.V29.Test\Tyuiu.KrutikovaVP.Sprint4.Task3.V29.Test.csproj", "{603C8C45-9A4F-4957-9276-A8DBC7B4789D}"
EndProject
Project("{2150E333-8FDC-42A3-9474-1A3956D46DE8}") = "Task4", "Task4", "{0CFEB716-A5E4-4B8E-8463-190F52124524}"
EndProject
Project("{FAE04EC0-301F-11D3-BF4B-00C04F79EFBC}") = "Tyuiu.KrutikovaVP.Sprint4.Task4.V24", "Tyuiu.KrutikovaVP.Sprint4.Task4.V24\Tyuiu.KrutikovaVP.Sprint4.Task4.V24.csproj", "{624AB2EF-90C6-4CA0-AD29-33EDE04EA21F}"
EndProject
Project("{FAE04EC0-301F-11D3-BF4B-00C04F79EFBC}") = "Tyuiu.KrutikovaVP.Sprint4.Task4.V24.Lib", "Tyuiu.KrutikovaVP.Sprint4.Task4.V24.Lib\Tyuiu.KrutikovaVP.Sprint4.Task4.V24.Lib.csproj", "{F3E814C5-4D62-4CFF-ADBD-BC39A72A1B41}"
EndProject
Project("{FAE04EC0-301F-11D3-BF4B-00C04F79EFBC}") = "Tyuiu.KrutikovaVP.Sprint4.Task4.V24.Test", "Tyuiu.KrutikovaVP.Sprint4.Task4.V24.Test\Tyuiu.KrutikovaVP.Sprint4.Task4.V24.Test.csproj", "{723EEF68-437E-44CB-BAD2-0B03620AC9C6}"
EndProject
Project("{2150E333-8FDC-42A3-9474-1A3956D46DE8}") = "Task5", "Task5", "{4AB5BAC8-F134-469B-88A6-2EBAC7E41D63}"
EndProject
Project("{FAE04EC0-301F-11D3-BF4B-00C04F79EFBC}") = "Tyuiu.KrutikovaVP.Sprint4.Task5.V7", "Tyuiu.KrutikovaVP.Sprint4.Task5.V7\Tyuiu.KrutikovaVP.Sprint4.Task5.V7.csproj", "{4429E2A8-8107-43D3-B318-3E62529CC5A4}"
EndProject
Project("{FAE04EC0-301F-11D3-BF4B-00C04F79EFBC}") = "Tyuiu.KrutikovaVP.Sprint4.Task5.V7.Lib", "Tyuiu.KrutikovaVP.Sprint4.Task5.V7.Lib\Tyuiu.KrutikovaVP.Sprint4.Task5.V7.Lib.csproj", "{3140234B-DBF4-443D-A264-0BFBEA2CC23E}"
EndProject
Project("{FAE04EC0-301F-11D3-BF4B-00C04F79EFBC}") = "Tyuiu.KrutikovaVP.Sprint4.Task5.V7.Test", "Tyuiu.KrutikovaVP.Sprint4.Task5.V7.Test\Tyuiu.KrutikovaVP.Sprint4.Task5.V7.Test.csproj", "{6359EC99-DCC2-4237-8B73-50B3560653D9}"
EndProject
Global
	GlobalSection(SolutionConfigurationPlatforms) = preSolution
		Debug|Any CPU = Debug|Any CPU
		Release|Any CPU = Release|Any CPU
	EndGlobalSection
	GlobalSection(ProjectConfigurationPlatforms) = postSolution
		{8C0C6B61-A871-49AF-BAAF-1C122661DF33}.Debug|Any CPU.ActiveCfg = Debug|Any CPU
		{8C0C6B61-A871-49AF-BAAF-1C122661DF33}.Debug|Any CPU.Build.0 = Debug|Any CPU
		{8C0C6B61-A871-49AF-BAAF-1C122661DF33}.Release|Any CPU.ActiveCfg = Release|Any CPU
		{8C0C6B61-A871-49AF-BAAF-1C122661DF33}.Release|Any CPU.Build.0 = Release|Any CPU
		{3674C50C-83E6-4C02-8346-CAB41EC8442A}.Debug|Any CPU.ActiveCfg = Debug|Any CPU
		{3674C50C-83E6-4C02-8346-CAB41EC8442A}.Debug|Any CPU.Build.0 = Debug|Any CPU
		{3674C50C-83E6-4C02-8346-CAB41EC8442A}.Release|Any CPU.ActiveCfg = Release|Any CPU
		{3674C50C-83E6-4C02-8346-CAB41EC8442A}.Release|Any CPU.Build.0 = Release|Any CPU
		{A1FBCD49-FAEA-4933-9AB1-86497DDA87AA}.Debug|Any CPU.ActiveCfg = Debug|Any CPU
		{A1FBCD49-FAEA-4933-9AB1-86497DDA87AA}.Debug|Any CPU.Build.0 = Debug|Any CPU
		{A1FBCD49-FAEA-4933-9AB1-86497DDA87AA}.Release|Any CPU.ActiveCfg = Release|Any CPU
		{A1FBCD49-FAEA-4933-9AB1-86497DDA87AA}.Release|Any CPU.Build.0 = Release|Any CPU
		{1E80D747-8F08-4402-BB83-6A601EFF173B}.Debug|Any CPU.ActiveCfg = Debug|Any CPU
		{1E80D747-8F08-4402-BB83-6A601EFF173B}.Debug|Any CPU.Build.0 = Debug|Any CPU
		{1E80D747-8F08-4402-BB83-6A601EFF173B}.Release|Any CPU.ActiveCfg = Release|Any CPU
		{1E80D747-8F08-4402-BB83-6A601EFF173B}.Release|Any CPU.Build.0 = Release|Any CPU
		{42F683A4-1C5F-4440-9C18-361DC28B2A09}.Debug|Any CPU.ActiveCfg = Debug|Any CPU
		{42F683A4-1C5F-4440-9C18-361DC28B2A09}.Debug|Any CPU.Build.0 = Debug|Any CPU
		{42F683A4-1C5F-4440-9C18-361DC28B2A09}.Release|Any CPU.ActiveCfg = Release|Any CPU
		{42F683A4-1C5F-4440-9C18-361DC28B2A09}.Release|Any CPU.Build.0 = Release|Any CPU
		{773AD7AC-F5EC-4C78-986D-88DD86D743A8}.Debug|Any CPU.ActiveCfg = Debug|Any CPU
		{773AD7AC-F5EC-4C78-986D-88DD86D743A8}.Debug|Any CPU.Build.0 = Debug|Any CPU
		{773AD7AC-F5EC-4C78-986D-88DD86D743A8}.Release|Any CPU.ActiveCfg = Release|Any CPU
		{773AD7AC-F5EC-4C78-986D-88DD86D743A8}.Release|Any CPU.Build.0 = Release|Any CPU
		{A57D46F2-9144-4C97-84BE-AB639744106D}.Debug|Any CPU.ActiveCfg = Debug|Any CPU
		{A57D46F2-9144-4C97-84BE-AB639744106D}.Debug|Any CPU.Build.0 = Debug|Any CPU
		{A57D46F2-9144-4C97-84BE-AB639744106D}.Release|Any CPU.ActiveCfg = Release|Any CPU
		{A57D46F2-9144-4C97-84BE-AB639744106D}.Release|Any CPU.Build.0 = Release|Any CPU
		{6227D345-B34F-48C6-8454-203E33F2B254}.Debug|Any CPU.ActiveCfg = Debug|Any CPU
		{6227D345-B34F-48C6-8454-203E33F2B254}.Debug|Any CPU.Build.0 = Debug|Any CPU
		{6227D345-B34F-48C6-8454-203E33F2B254}.Release|Any CPU.ActiveCfg = Release|Any CPU
		{6227D345-B34F-48C6-8454-203E33F2B254}.Release|Any CPU.Build.0 = Release|Any CPU
		{C36B133F-311A-4AB1-8BBB-BA9F2635D3D3}.Debug|Any CPU.ActiveCfg = Debug|Any CPU
		{C36B133F-311A-4AB1-8BBB-BA9F2635D3D3}.Debug|Any CPU.Build.0 = Debug|Any CPU
		{C36B133F-311A-4AB1-8BBB-BA9F2635D3D3}.Release|Any CPU.ActiveCfg = Release|Any CPU
		{C36B133F-311A-4AB1-8BBB-BA9F2635D3D3}.Release|Any CPU.Build.0 = Release|Any CPU
		{D2E61EDD-5F06-41FF-9C53-C0FA573D79AF}.Debug|Any CPU.ActiveCfg = Debug|Any CPU
		{D2E61EDD-5F06-41FF-9C53-C0FA573D79AF}.Debug|Any CPU.Build.0 = Debug|Any CPU
		{D2E61EDD-5F06-41FF-9C53-C0FA573D79AF}.Release|Any CPU.ActiveCfg = Release|Any CPU
		{D2E61EDD-5F06-41FF-9C53-C0FA573D79AF}.Release|Any CPU.Build.0 = Release|Any CPU
		{97E6884A-56E7-4A45-B47C-583B85F3C5F7}.Debug|Any CPU.ActiveCfg = Debug|Any CPU
		{97E6884A-56E7-4A45-B47C-583B85F3C5F7}.Debug|Any CPU.Build.0 = Debug|Any CPU
		{97E6884A-56E7-4A45-B47C-583B85F3C5F7}.Release|Any CPU.ActiveCfg = Release|Any CPU
		{97E6884A-56E7-4A45-B47C-583B85F3C5F7}.Release|Any CPU.Build.0 = Release|Any CPU
		{603C8C45-9A4F-4957-9276-A8DBC7B4789D}.Debug|Any CPU.ActiveCfg = Debug|Any CPU
		{603C8C45-9A4F-4957-9276-A8DBC7B4789D}.Debug|Any CPU.Build.0 = Debug|Any CPU
		{603C8C45-9A4F-4957-9276-A8DBC7B4789D}.Release|Any CPU.ActiveCfg = Release|Any CPU
		{603C8C45-9A4F-4957-9276-A8DBC7B4789D}.Release|Any CPU.Build.0 = Release|Any CPU
		{624AB2EF-90C6-4CA0-AD29-33EDE04EA21F}.Debug|Any CPU.ActiveCfg = Debug|Any CPU
		{624AB2EF-90C6-4CA0-AD29-33EDE04EA21F}.Debug|Any CPU.Build.0 = Debug|Any CPU
		{624AB2EF-90C6-4CA0-AD29-33EDE04EA21F}.Release|Any CPU.ActiveCfg = Release|Any CPU
		{624AB2EF-90C6-4CA0-AD29-33EDE04EA21F}.Release|Any CPU.Build.0 = Release|Any CPU
		{F3E814C5-4D62-4CFF-ADBD-BC39A72A1B41}.Debug|Any CPU.ActiveCfg = Debug|Any CPU
		{F3E814C5-4D62-4CFF-ADBD-BC39A72A1B41}.Debug|Any CPU.Build.0 = Debug|Any CPU
		{F3E814C5-4D62-4CFF-ADBD-BC39A72A1B41}.Release|Any CPU.ActiveCfg = Release|Any CPU
		{F3E814C5-4D62-4CFF-ADBD-BC39A72A1B41}.Release|Any CPU.Build.0 = Release|Any CPU
		{723EEF68-437E-44CB-BAD2-0B03620AC9C6}.Debug|Any CPU.ActiveCfg = Debug|Any CPU
		{723EEF68-437E-44CB-BAD2-0B03620AC9C6}.Debug|Any CPU.Build.0 = Debug|Any CPU
		{723EEF68-437E-44CB-BAD2-0B03620AC9C6}.Release|Any CPU.ActiveCfg = Release|Any CPU
		{723EEF68-437E-44CB-BAD2-0B03620AC9C6}.Release|Any CPU.Build.0 = Release|Any CPU
		{4429E2A8-8107-43D3-B318-3E62529CC5A4}.Debug|Any CPU.ActiveCfg = Debug|Any CPU
		{4429E2A8-8107-43D3-B318-3E62529CC5A4}.Debug|Any CPU.Build.0 = Debug|Any CPU
		{4429E2A8-8107-43D3-B318-3E62529CC5A4}.Release|Any CPU.ActiveCfg = Release|Any CPU
		{4429E2A8-8107-43D3-B318-3E62529CC5A4}.Release|Any CPU.Build.0 = Release|Any CPU
		{3140234B-DBF4-443D-A264-0BFBEA2CC23E}.Debug|Any CPU.ActiveCfg = Debug|Any CPU
		{3140234B-DBF4-443D-A264-0BFBEA2CC23E}.Debug|Any CPU.Build.0 = Debug|Any CPU
		{3140234B-DBF4-443D-A264-0BFBEA2CC23E}.Release|Any CPU.ActiveCfg = Release|Any CPU
		{3140234B-DBF4-443D-A264-0BFBEA2CC23E}.Release|Any CPU.Build.0 = Release|Any CPU
		{6359EC99-DCC2-4237-8B73-50B3560653D9}.Debug|Any CPU.ActiveCfg = Debug|Any CPU
		{6359EC99-DCC2-4237-8B73-50B3560653D9}.Debug|Any CPU.Build.0 = Debug|Any CPU
		{6359EC99-DCC2-4237-8B73-50B3560653D9}.Release|Any CPU.ActiveCfg = Release|Any CPU
		{6359EC99-DCC2-4237-8B73-50B3560653D9}.Release|Any CPU.Build.0 = Release|Any CPU
	EndGlobalSection
	GlobalSection(SolutionProperties) = preSolution
		HideSolutionNode = FALSE
	EndGlobalSection
	GlobalSection(NestedProjects) = preSolution
		{8C0C6B61-A871-49AF-BAAF-1C122661DF33} = {03D049A3-7AF9-41D9-A065-5DFBC9ACEDA6}
		{3674C50C-83E6-4C02-8346-CAB41EC8442A} = {03D049A3-7AF9-41D9-A065-5DFBC9ACEDA6}
		{A1FBCD49-FAEA-4933-9AB1-86497DDA87AA} = {03D049A3-7AF9-41D9-A065-5DFBC9ACEDA6}
		{1E80D747-8F08-4402-BB83-6A601EFF173B} = {50931240-ED52-4BAC-9B06-339236F4AD98}
		{42F683A4-1C5F-4440-9C18-361DC28B2A09} = {50931240-ED52-4BAC-9B06-339236F4AD98}
		{773AD7AC-F5EC-4C78-986D-88DD86D743A8} = {50931240-ED52-4BAC-9B06-339236F4AD98}
		{A57D46F2-9144-4C97-84BE-AB639744106D} = {F2460037-8908-4794-A5E2-85112136D58B}
		{6227D345-B34F-48C6-8454-203E33F2B254} = {F2460037-8908-4794-A5E2-85112136D58B}
		{C36B133F-311A-4AB1-8BBB-BA9F2635D3D3} = {F2460037-8908-4794-A5E2-85112136D58B}
		{D2E61EDD-5F06-41FF-9C53-C0FA573D79AF} = {73A1FBDB-F712-4802-B865-07D1D409B4A6}
		{97E6884A-56E7-4A45-B47C-583B85F3C5F7} = {73A1FBDB-F712-4802-B865-07D1D409B4A6}
		{603C8C45-9A4F-4957-9276-A8DBC7B4789D} = {73A1FBDB-F712-4802-B865-07D1D409B4A6}
		{624AB2EF-90C6-4CA0-AD29-33EDE04EA21F} = {0CFEB716-A5E4-4B8E-8463-190F52124524}
		{F3E814C5-4D62-4CFF-ADBD-BC39A72A1B41} = {0CFEB716-A5E4-4B8E-8463-190F52124524}
		{723EEF68-437E-44CB-BAD2-0B03620AC9C6} = {0CFEB716-A5E4-4B8E-8463-190F52124524}
		{4429E2A8-8107-43D3-B318-3E62529CC5A4} = {4AB5BAC8-F134-469B-88A6-2EBAC7E41D63}
		{3140234B-DBF4-443D-A264-0BFBEA2CC23E} = {4AB5BAC8-F134-469B-88A6-2EBAC7E41D63}
		{6359EC99-DCC2-4237-8B73-50B3560653D9} = {4AB5BAC8-F134-469B-88A6-2EBAC7E41D63}
	EndGlobalSection
	GlobalSection(ExtensibilityGlobals) = postSolution
		SolutionGuid = {03D781CD-7849-440A-921B-E847E86A50F1}
	EndGlobalSection
EndGlobal
